
Microsoft Visual Studio Solution File, Format Version 12.00
# Visual Studio Version 16
VisualStudioVersion = 16.0.31911.196
MinimumVisualStudioVersion = 10.0.40219.1
Project("{9A19103F-16F7-4668-BE54-9A1E7A4F7556}") = "SmartMed", "SmartMed\SmartMed.csproj", "{9F74E714-3D72-4B1E-A596-F6E0D0750306}"
EndProject
Project("{FAE04EC0-301F-11D3-BF4B-00C04F79EFBC}") = "TesteSmart", "TesteSmart\TesteSmart.csproj", "{28BEE5E9-7C62-4755-8E13-51817304D814}"
EndProject
Global
	GlobalSection(SolutionConfigurationPlatforms) = preSolution
		Debug|Any CPU = Debug|Any CPU
		Release|Any CPU = Release|Any CPU
	EndGlobalSection
	GlobalSection(ProjectConfigurationPlatforms) = postSolution
		{9F74E714-3D72-4B1E-A596-F6E0D0750306}.Debug|Any CPU.ActiveCfg = Debug|Any CPU
		{9F74E714-3D72-4B1E-A596-F6E0D0750306}.Debug|Any CPU.Build.0 = Debug|Any CPU
		{9F74E714-3D72-4B1E-A596-F6E0D0750306}.Release|Any CPU.ActiveCfg = Release|Any CPU
		{9F74E714-3D72-4B1E-A596-F6E0D0750306}.Release|Any CPU.Build.0 = Release|Any CPU
		{28BEE5E9-7C62-4755-8E13-51817304D814}.Debug|Any CPU.ActiveCfg = Debug|Any CPU
		{28BEE5E9-7C62-4755-8E13-51817304D814}.Debug|Any CPU.Build.0 = Debug|Any CPU
		{28BEE5E9-7C62-4755-8E13-51817304D814}.Release|Any CPU.ActiveCfg = Release|Any CPU
		{28BEE5E9-7C62-4755-8E13-51817304D814}.Release|Any CPU.Build.0 = Release|Any CPU
	EndGlobalSection
	GlobalSection(SolutionProperties) = preSolution
		HideSolutionNode = FALSE
	EndGlobalSection
	GlobalSection(ExtensibilityGlobals) = postSolution
		SolutionGuid = {FCA5AE73-05EC-4120-B898-E243D9593C89}
	EndGlobalSection
EndGlobal
