
Microsoft Visual Studio Solution File, Format Version 12.00
# Visual Studio Version 16
VisualStudioVersion = 16.0.31911.196
MinimumVisualStudioVersion = 10.0.40219.1
Project("{9A19103F-16F7-4668-BE54-9A1E7A4F7556}") = "SmartMed", "SmartMed\SmartMed.csproj", "{9F74E714-3D72-4B1E-A596-F6E0D0750306}"
EndProject
Project("{FAE04EC0-301F-11D3-BF4B-00C04F79EFBC}") = "SmartMedTests", "SmartMedTests\SmartMedTests.csproj", "{3BA4E218-91FF-4FBF-AC5F-E1060E8B808D}"
EndProject
Project("{00D1A9C2-B5F0-4AF3-8072-F6C62B433612}") = "SmartMedDB", "SmartMedDB\SmartMedDB.sqlproj", "{E2AEB0E4-D5BB-4B32-B64A-CAD84D73747A}"
EndProject
Global
	GlobalSection(SolutionConfigurationPlatforms) = preSolution
		Debug|Any CPU = Debug|Any CPU
		Release|Any CPU = Release|Any CPU
	EndGlobalSection
	GlobalSection(ProjectConfigurationPlatforms) = postSolution
		{9F74E714-3D72-4B1E-A596-F6E0D0750306}.Debug|Any CPU.ActiveCfg = Debug|Any CPU
		{9F74E714-3D72-4B1E-A596-F6E0D0750306}.Debug|Any CPU.Build.0 = Debug|Any CPU
		{9F74E714-3D72-4B1E-A596-F6E0D0750306}.Release|Any CPU.ActiveCfg = Release|Any CPU
		{9F74E714-3D72-4B1E-A596-F6E0D0750306}.Release|Any CPU.Build.0 = Release|Any CPU
		{3BA4E218-91FF-4FBF-AC5F-E1060E8B808D}.Debug|Any CPU.ActiveCfg = Debug|Any CPU
		{3BA4E218-91FF-4FBF-AC5F-E1060E8B808D}.Debug|Any CPU.Build.0 = Debug|Any CPU
		{3BA4E218-91FF-4FBF-AC5F-E1060E8B808D}.Release|Any CPU.ActiveCfg = Release|Any CPU
		{3BA4E218-91FF-4FBF-AC5F-E1060E8B808D}.Release|Any CPU.Build.0 = Release|Any CPU
		{E2AEB0E4-D5BB-4B32-B64A-CAD84D73747A}.Debug|Any CPU.ActiveCfg = Debug|Any CPU
		{E2AEB0E4-D5BB-4B32-B64A-CAD84D73747A}.Debug|Any CPU.Build.0 = Debug|Any CPU
		{E2AEB0E4-D5BB-4B32-B64A-CAD84D73747A}.Debug|Any CPU.Deploy.0 = Debug|Any CPU
		{E2AEB0E4-D5BB-4B32-B64A-CAD84D73747A}.Release|Any CPU.ActiveCfg = Release|Any CPU
		{E2AEB0E4-D5BB-4B32-B64A-CAD84D73747A}.Release|Any CPU.Build.0 = Release|Any CPU
		{E2AEB0E4-D5BB-4B32-B64A-CAD84D73747A}.Release|Any CPU.Deploy.0 = Release|Any CPU
	EndGlobalSection
	GlobalSection(SolutionProperties) = preSolution
		HideSolutionNode = FALSE
	EndGlobalSection
	GlobalSection(ExtensibilityGlobals) = postSolution
		SolutionGuid = {FCA5AE73-05EC-4120-B898-E243D9593C89}
	EndGlobalSection
EndGlobal
